Microsoft Visual Studio Solution File, Format Version 11.00
# Visual Studio 2008

Project("{81F4EAC4-99C0-C648-761F-52A387BA708E}") = "Planit", "Assembly-CSharp-vs.csproj", "{BACE0B40-65D7-291A-1192-8CAE36CAACFB}"
EndProject
Project("{81F4EAC4-99C0-C648-761F-52A387BA708E}") = "Planit", "Assembly-CSharp-Editor-vs.csproj", "{5D2E8F14-E512-B327-1203-1043389DAE6A}"
EndProject
Global
	GlobalSection(SolutionConfigurationPlatforms) = preSolution
		Debug|Any CPU = Debug|Any CPU
		Release|Any CPU = Release|Any CPU
	EndGlobalSection
	GlobalSection(ProjectConfigurationPlatforms) = postSolution
		{BACE0B40-65D7-291A-1192-8CAE36CAACFB}.Debug|Any CPU.ActiveCfg = Debug|Any CPU
		{BACE0B40-65D7-291A-1192-8CAE36CAACFB}.Debug|Any CPU.Build.0 = Debug|Any CPU
		{BACE0B40-65D7-291A-1192-8CAE36CAACFB}.Release|Any CPU.ActiveCfg = Release|Any CPU
		{BACE0B40-65D7-291A-1192-8CAE36CAACFB}.Release|Any CPU.Build.0 = Release|Any CPU
		{5D2E8F14-E512-B327-1203-1043389DAE6A}.Debug|Any CPU.ActiveCfg = Debug|Any CPU
		{5D2E8F14-E512-B327-1203-1043389DAE6A}.Debug|Any CPU.Build.0 = Debug|Any CPU
		{5D2E8F14-E512-B327-1203-1043389DAE6A}.Release|Any CPU.ActiveCfg = Release|Any CPU
		{5D2E8F14-E512-B327-1203-1043389DAE6A}.Release|Any CPU.Build.0 = Release|Any CPU
	EndGlobalSection
	GlobalSection(SolutionProperties) = preSolution
		HideSolutionNode = FALSE
	EndGlobalSection
<<<<<<< HEAD
														GlobalSection(MonoDevelopProperties) = preSolution
=======
									GlobalSection(MonoDevelopProperties) = preSolution
>>>>>>> 55d8fc33a238aef27550dde9c73d7d6635bb99e6
		StartupItem = Assembly-CSharp.csproj
		Policies = $0
		$0.TextStylePolicy = $1
		$1.inheritsSet = null
		$1.scope = text/x-csharp
		$0.CSharpFormattingPolicy = $2
		$2.inheritsSet = Mono
		$2.inheritsScope = text/x-csharp
		$2.scope = text/x-csharp
		$0.TextStylePolicy = $3
		$3.FileWidth = 120
		$3.TabWidth = 4
		$3.EolMarker = Unix
		$3.inheritsSet = Mono
		$3.inheritsScope = text/plain
		$3.scope = text/plain
	EndGlobalSection

EndGlobal
